
Microsoft Visual Studio Solution File, Format Version 12.00
Project("{FAE04EC0-301F-11D3-BF4B-00C04F79EFBC}") = "testKol", "testKol\testKol.csproj", "{B139CCFF-672C-4F3A-A9E6-36AA93A95FFC}"
EndProject
Global
	GlobalSection(SolutionConfigurationPlatforms) = preSolution
		Debug|Any CPU = Debug|Any CPU
		Release|Any CPU = Release|Any CPU
	EndGlobalSection
	GlobalSection(ProjectConfigurationPlatforms) = postSolution
		{B139CCFF-672C-4F3A-A9E6-36AA93A95FFC}.Debug|Any CPU.ActiveCfg = Debug|Any CPU
		{B139CCFF-672C-4F3A-A9E6-36AA93A95FFC}.Debug|Any CPU.Build.0 = Debug|Any CPU
		{B139CCFF-672C-4F3A-A9E6-36AA93A95FFC}.Release|Any CPU.ActiveCfg = Release|Any CPU
		{B139CCFF-672C-4F3A-A9E6-36AA93A95FFC}.Release|Any CPU.Build.0 = Release|Any CPU
	EndGlobalSection
EndGlobal
